{
  "name": "nugget-bench",
  "version": "0.1.0",
  "lockfileVersion": 3,
  "requires": true,
  "packages": {
    "": {
      "name": "nugget-bench",
      "version": "0.1.0",
      "dependencies": {
        "@jxburros/ai-nugget": "file:../AI-Nugget",
        "@jxburros/context-nugget": "file:../AI-Context-Nugget"
      },
      "engines": {
        "node": ">=22.6.0"
      }
    },
    "../AI-Context-Nugget": {
      "name": "@jxburros/context-nugget",
      "version": "0.3.0",
      "license": "MIT",
      "devDependencies": {
        "@types/node": "^22.15.21",
        "typescript": "^5.8.3"
      },
      "engines": {
        "node": ">=20"
      }
    },
    "../AI-Nugget": {
      "name": "@jxburros/ai-nugget",
      "version": "0.4.0",
      "license": "MIT",
      "devDependencies": {
        "@types/node": "^22.15.21",
        "@vitest/browser": "^4.1.9",
        "@vitest/browser-playwright": "^4.1.9",
        "playwright": "^1.61.1",
        "typescript": "^5.8.3",
        "vitest": "^4.1.5"
      },
      "engines": {
        "node": "^20.19.0 || >=22.12.0"
      }
    },
    "node_modules/@jxburros/ai-nugget": {
      "resolved": "../AI-Nugget",
      "link": true
    },
    "node_modules/@jxburros/context-nugget": {
      "resolved": "../AI-Context-Nugget",
      "link": true
    }
  }
}
